
Microsoft Visual Studio Solution File, Format Version 12.00
# Visual Studio 15
VisualStudioVersion = 15.0.26730.8
MinimumVisualStudioVersion = 10.0.40219.1
Project("{9A19103F-16F7-4668-BE54-9A1E7A4F7556}") = "DAL", "DAL\DAL.csproj", "{C4BED3F4-7A53-4C77-AAE2-378669C19529}"
EndProject
Project("{9A19103F-16F7-4668-BE54-9A1E7A4F7556}") = "Resources", "Resources\Resources.csproj", "{F260070D-30D4-4D45-A11E-518650A0A0B4}"
EndProject
Project("{9A19103F-16F7-4668-BE54-9A1E7A4F7556}") = "Domain", "Domain\Domain.csproj", "{18ADB9AA-05D2-4B7D-8BE5-4CC8A5E8ED2E}"
EndProject
Project("{9A19103F-16F7-4668-BE54-9A1E7A4F7556}") = "BLL", "BLL\BLL.csproj", "{1721BF15-08DE-48FA-AF51-20AF26DE9B00}"
EndProject
Project("{9A19103F-16F7-4668-BE54-9A1E7A4F7556}") = "BLL.Infrastructure", "BLL.Infrastructure\BLL.Infrastructure.csproj", "{B4E262A3-F124-4B4F-836D-567E1A2ACC86}"
EndProject
Project("{9A19103F-16F7-4668-BE54-9A1E7A4F7556}") = "Configuration", "Configuration\Configuration.csproj", "{5C8AA40F-BB87-4CF7-9D03-959249F03EB5}"
EndProject
Project("{9A19103F-16F7-4668-BE54-9A1E7A4F7556}") = "Common", "Common\Common.csproj", "{EB4E09C8-82F3-40E6-83BD-04BF6646DE82}"
EndProject
Project("{9A19103F-16F7-4668-BE54-9A1E7A4F7556}") = "Security", "Security\Security.csproj", "{B35DB7C4-CC11-4895-B137-08C19F34BFF4}"
EndProject
Project("{9A19103F-16F7-4668-BE54-9A1E7A4F7556}") = "Test", "Test\Test.csproj", "{FDB40E97-0662-4150-B1FD-C64D0E6981C9}"
EndProject
Project("{9A19103F-16F7-4668-BE54-9A1E7A4F7556}") = "DAL.Infrastructure", "DAL.Infrastructure\DAL.Infrastructure.csproj", "{86228FEA-00E8-4B47-AC83-2546A4079557}"
EndProject
Project("{9A19103F-16F7-4668-BE54-9A1E7A4F7556}") = "WebApp", "WebApp\WebApp.csproj", "{8FCFD417-CB0A-40A5-8AFA-11D822E80F6D}"
EndProject
Project("{9A19103F-16F7-4668-BE54-9A1E7A4F7556}") = "MetronicBundleBuilder", "MetronicBundleBuilder\MetronicBundleBuilder.csproj", "{7F59CC33-1984-4700-A119-F670A9440128}"
EndProject
Project("{FAE04EC0-301F-11D3-BF4B-00C04F79EFBC}") = "ConsoleApp", "ConsoleApp\ConsoleApp.csproj", "{41B14778-E9BE-4798-AC05-6D78DB0CF107}"
EndProject
Global
	GlobalSection(SolutionConfigurationPlatforms) = preSolution
		Debug|Any CPU = Debug|Any CPU
		Release|Any CPU = Release|Any CPU
	EndGlobalSection
	GlobalSection(ProjectConfigurationPlatforms) = postSolution
		{C4BED3F4-7A53-4C77-AAE2-378669C19529}.Debug|Any CPU.ActiveCfg = Debug|Any CPU
		{C4BED3F4-7A53-4C77-AAE2-378669C19529}.Debug|Any CPU.Build.0 = Debug|Any CPU
		{C4BED3F4-7A53-4C77-AAE2-378669C19529}.Release|Any CPU.ActiveCfg = Release|Any CPU
		{C4BED3F4-7A53-4C77-AAE2-378669C19529}.Release|Any CPU.Build.0 = Release|Any CPU
		{F260070D-30D4-4D45-A11E-518650A0A0B4}.Debug|Any CPU.ActiveCfg = Debug|Any CPU
		{F260070D-30D4-4D45-A11E-518650A0A0B4}.Debug|Any CPU.Build.0 = Debug|Any CPU
		{F260070D-30D4-4D45-A11E-518650A0A0B4}.Release|Any CPU.ActiveCfg = Release|Any CPU
		{F260070D-30D4-4D45-A11E-518650A0A0B4}.Release|Any CPU.Build.0 = Release|Any CPU
		{18ADB9AA-05D2-4B7D-8BE5-4CC8A5E8ED2E}.Debug|Any CPU.ActiveCfg = Debug|Any CPU
		{18ADB9AA-05D2-4B7D-8BE5-4CC8A5E8ED2E}.Debug|Any CPU.Build.0 = Debug|Any CPU
		{18ADB9AA-05D2-4B7D-8BE5-4CC8A5E8ED2E}.Release|Any CPU.ActiveCfg = Release|Any CPU
		{18ADB9AA-05D2-4B7D-8BE5-4CC8A5E8ED2E}.Release|Any CPU.Build.0 = Release|Any CPU
		{1721BF15-08DE-48FA-AF51-20AF26DE9B00}.Debug|Any CPU.ActiveCfg = Debug|Any CPU
		{1721BF15-08DE-48FA-AF51-20AF26DE9B00}.Debug|Any CPU.Build.0 = Debug|Any CPU
		{1721BF15-08DE-48FA-AF51-20AF26DE9B00}.Release|Any CPU.ActiveCfg = Release|Any CPU
		{1721BF15-08DE-48FA-AF51-20AF26DE9B00}.Release|Any CPU.Build.0 = Release|Any CPU
		{B4E262A3-F124-4B4F-836D-567E1A2ACC86}.Debug|Any CPU.ActiveCfg = Debug|Any CPU
		{B4E262A3-F124-4B4F-836D-567E1A2ACC86}.Debug|Any CPU.Build.0 = Debug|Any CPU
		{B4E262A3-F124-4B4F-836D-567E1A2ACC86}.Release|Any CPU.ActiveCfg = Release|Any CPU
		{B4E262A3-F124-4B4F-836D-567E1A2ACC86}.Release|Any CPU.Build.0 = Release|Any CPU
		{5C8AA40F-BB87-4CF7-9D03-959249F03EB5}.Debug|Any CPU.ActiveCfg = Debug|Any CPU
		{5C8AA40F-BB87-4CF7-9D03-959249F03EB5}.Debug|Any CPU.Build.0 = Debug|Any CPU
		{5C8AA40F-BB87-4CF7-9D03-959249F03EB5}.Release|Any CPU.ActiveCfg = Release|Any CPU
		{5C8AA40F-BB87-4CF7-9D03-959249F03EB5}.Release|Any CPU.Build.0 = Release|Any CPU
		{EB4E09C8-82F3-40E6-83BD-04BF6646DE82}.Debug|Any CPU.ActiveCfg = Debug|Any CPU
		{EB4E09C8-82F3-40E6-83BD-04BF6646DE82}.Debug|Any CPU.Build.0 = Debug|Any CPU
		{EB4E09C8-82F3-40E6-83BD-04BF6646DE82}.Release|Any CPU.ActiveCfg = Release|Any CPU
		{EB4E09C8-82F3-40E6-83BD-04BF6646DE82}.Release|Any CPU.Build.0 = Release|Any CPU
		{B35DB7C4-CC11-4895-B137-08C19F34BFF4}.Debug|Any CPU.ActiveCfg = Debug|Any CPU
		{B35DB7C4-CC11-4895-B137-08C19F34BFF4}.Debug|Any CPU.Build.0 = Debug|Any CPU
		{B35DB7C4-CC11-4895-B137-08C19F34BFF4}.Release|Any CPU.ActiveCfg = Release|Any CPU
		{B35DB7C4-CC11-4895-B137-08C19F34BFF4}.Release|Any CPU.Build.0 = Release|Any CPU
		{FDB40E97-0662-4150-B1FD-C64D0E6981C9}.Debug|Any CPU.ActiveCfg = Debug|Any CPU
		{FDB40E97-0662-4150-B1FD-C64D0E6981C9}.Debug|Any CPU.Build.0 = Debug|Any CPU
		{FDB40E97-0662-4150-B1FD-C64D0E6981C9}.Release|Any CPU.ActiveCfg = Release|Any CPU
		{FDB40E97-0662-4150-B1FD-C64D0E6981C9}.Release|Any CPU.Build.0 = Release|Any CPU
		{86228FEA-00E8-4B47-AC83-2546A4079557}.Debug|Any CPU.ActiveCfg = Debug|Any CPU
		{86228FEA-00E8-4B47-AC83-2546A4079557}.Debug|Any CPU.Build.0 = Debug|Any CPU
		{86228FEA-00E8-4B47-AC83-2546A4079557}.Release|Any CPU.ActiveCfg = Release|Any CPU
		{86228FEA-00E8-4B47-AC83-2546A4079557}.Release|Any CPU.Build.0 = Release|Any CPU
		{8FCFD417-CB0A-40A5-8AFA-11D822E80F6D}.Debug|Any CPU.ActiveCfg = Debug|Any CPU
		{8FCFD417-CB0A-40A5-8AFA-11D822E80F6D}.Debug|Any CPU.Build.0 = Debug|Any CPU
		{8FCFD417-CB0A-40A5-8AFA-11D822E80F6D}.Release|Any CPU.ActiveCfg = Release|Any CPU
		{8FCFD417-CB0A-40A5-8AFA-11D822E80F6D}.Release|Any CPU.Build.0 = Release|Any CPU
		{7F59CC33-1984-4700-A119-F670A9440128}.Debug|Any CPU.ActiveCfg = Debug|Any CPU
		{7F59CC33-1984-4700-A119-F670A9440128}.Debug|Any CPU.Build.0 = Debug|Any CPU
		{7F59CC33-1984-4700-A119-F670A9440128}.Release|Any CPU.ActiveCfg = Release|Any CPU
		{7F59CC33-1984-4700-A119-F670A9440128}.Release|Any CPU.Build.0 = Release|Any CPU
		{41B14778-E9BE-4798-AC05-6D78DB0CF107}.Debug|Any CPU.ActiveCfg = Debug|Any CPU
		{41B14778-E9BE-4798-AC05-6D78DB0CF107}.Debug|Any CPU.Build.0 = Debug|Any CPU
		{41B14778-E9BE-4798-AC05-6D78DB0CF107}.Release|Any CPU.ActiveCfg = Release|Any CPU
		{41B14778-E9BE-4798-AC05-6D78DB0CF107}.Release|Any CPU.Build.0 = Release|Any CPU
	EndGlobalSection
	GlobalSection(SolutionProperties) = preSolution
		HideSolutionNode = FALSE
	EndGlobalSection
	GlobalSection(ExtensibilityGlobals) = postSolution
		SolutionGuid = {CD631F4A-8ED5-4A40-BFA9-88AF039B7E4B}
	EndGlobalSection
EndGlobal
